// !$*UTF8*$!
{
	archiveVersion = 1;
	classes = {
	};
	objectVersion = 46;
	objects = {

/* Begin PBXBuildFile section */
		0038420C1CEC132C00CB6B9D /* CGFoulLineView.swift in Sources */ = {isa = PBXBuildFile; fileRef = 003842091CEC132C00CB6B9D /* CGFoulLineView.swift */; };
		0069BB031C85418C00C5A628 /* TestCATranform3DViewController.m in Sources */ = {isa = PBXBuildFile; fileRef = 0069BB021C85418C00C5A628 /* TestCATranform3DViewController.m */; };
		0069BB061C85431A00C5A628 /* 2.jpg in Resources */ = {isa = PBXBuildFile; fileRef = 0069BB051C85431A00C5A628 /* 2.jpg */; };
		00BAB2F11C72C37D00FC1F3A /* TestPhotosCollectionViewCell.m in Sources */ = {isa = PBXBuildFile; fileRef = 00BAB2F01C72C37D00FC1F3A /* TestPhotosCollectionViewCell.m */; };
		00C315CE1CACC17E009BFD7A /* CGHomeDataModel.m in Sources */ = {isa = PBXBuildFile; fileRef = 00C315CD1CACC17E009BFD7A /* CGHomeDataModel.m */; };
		00D307AD1CC76E350040EFC8 /* CGTestWKWebViewController.m in Sources */ = {isa = PBXBuildFile; fileRef = 00D307AC1CC76E350040EFC8 /* CGTestWKWebViewController.m */; };
		183CCCA41CC5894400235486 /* CGTestPhotosViewController.m in Sources */ = {isa = PBXBuildFile; fileRef = 183CCCA31CC5894400235486 /* CGTestPhotosViewController.m */; };
		185086E71CC303E4001CBC6B /* Photos.framework in Frameworks */ = {isa = PBXBuildFile; fileRef = 185086E61CC303E4001CBC6B /* Photos.framework */; };
		187579961C12E8AB0065C29D /* Reveal.framework in Frameworks */ = {isa = PBXBuildFile; fileRef = 187579951C12E8AB0065C29D /* Reveal.framework */; };
		1885F3921CB13A7C002A6D68 /* CGTestLayoutConstranintsViewController.m in Sources */ = {isa = PBXBuildFile; fileRef = 1885F3911CB13A7C002A6D68 /* CGTestLayoutConstranintsViewController.m */; };
		1894AE871CAFD4F3005A518C /* CGTestDefinesTableViewController.m in Sources */ = {isa = PBXBuildFile; fileRef = 1894AE861CAFD4F3005A518C /* CGTestDefinesTableViewController.m */; };
		1894AE8B1CAFD83F005A518C /* CGTestDefinesData.m in Sources */ = {isa = PBXBuildFile; fileRef = 1894AE8A1CAFD83F005A518C /* CGTestDefinesData.m */; };
		18B41A9E1C13FE450031002B /* TestTextFieldCell.m in Sources */ = {isa = PBXBuildFile; fileRef = 18B41A9D1C13FE450031002B /* TestTextFieldCell.m */; };
		18DBAACA1C12818300552828 /* Main.storyboard in Resources */ = {isa = PBXBuildFile; fileRef = 18DBAAC81C12818300552828 /* Main.storyboard */; };
		18DBAACF1C12818300552828 /* LaunchScreen.storyboard in Resources */ = {isa = PBXBuildFile; fileRef = 18DBAACD1C12818300552828 /* LaunchScreen.storyboard */; };
		18DBAADA1C12818300552828 /* TestCG_CGKitTests.m in Sources */ = {isa = PBXBuildFile; fileRef = 18DBAAD91C12818300552828 /* TestCG_CGKitTests.m */; };
		18DBAAE51C12818400552828 /* TestCG_CGKitUITests.m in Sources */ = {isa = PBXBuildFile; fileRef = 18DBAAE41C12818400552828 /* TestCG_CGKitUITests.m */; };
		18DBAAF91C12877E00552828 /* AppDelegate.m in Sources */ = {isa = PBXBuildFile; fileRef = 18DBAAF61C12877E00552828 /* AppDelegate.m */; };
		18DBAAFB1C12877E00552828 /* main.m in Sources */ = {isa = PBXBuildFile; fileRef = 18DBAAF81C12877E00552828 /* main.m */; };
		18DBAE021C12968900552828 /* HomeViewController.m in Sources */ = {isa = PBXBuildFile; fileRef = 18DBAE011C12968900552828 /* HomeViewController.m */; };
		18E6E2AC1C15B87500906A5A /* AFNetworkActivityLogger.m in Sources */ = {isa = PBXBuildFile; fileRef = 18E6E2AB1C15B87500906A5A /* AFNetworkActivityLogger.m */; };
		18F093EE1CDBFFFE001FBE3E /* CGTestFoulLineViewController.swift in Sources */ = {isa = PBXBuildFile; fileRef = 18F093ED1CDBFFFE001FBE3E /* CGTestFoulLineViewController.swift */; };
		18F21B921CC3F6B100B58B16 /* ShareViewController.m in Sources */ = {isa = PBXBuildFile; fileRef = 18F21B911CC3F6B100B58B16 /* ShareViewController.m */; };
		18F21B951CC3F6B100B58B16 /* MainInterface.storyboard in Resources */ = {isa = PBXBuildFile; fileRef = 18F21B931CC3F6B100B58B16 /* MainInterface.storyboard */; };
		18F21B9A1CC3F6B100B58B16 /* CGKitShareExtension.appex in Embed App Extensions */ = {isa = PBXBuildFile; fileRef = 18F21B8E1CC3F6B100B58B16 /* CGKitShareExtension.appex */; settings = {ATTRIBUTES = (RemoveHeadersOnCopy, ); }; };
		302C9A770D2BEB9460B47FBE /* libPods.a in Frameworks */ = {isa = PBXBuildFile; fileRef = 222F9D25D26223B807E03656 /* libPods.a */; };
/* End PBXBuildFile section */

/* Begin PBXContainerItemProxy section */
		18DBAAD61C12818300552828 /* PBXContainerItemProxy */ = {
			isa = PBXContainerItemProxy;
			containerPortal = 18DBAAB41C12818300552828 /* Project object */;
			proxyType = 1;
			remoteGlobalIDString = 18DBAABB1C12818300552828;
			remoteInfo = TestCG_CGKit;
		};
		18DBAAE11C12818400552828 /* PBXContainerItemProxy */ = {
			isa = PBXContainerItemProxy;
			containerPortal = 18DBAAB41C12818300552828 /* Project object */;
			proxyType = 1;
			remoteGlobalIDString = 18DBAABB1C12818300552828;
			remoteInfo = TestCG_CGKit;
		};
		18F21B971CC3F6B100B58B16 /* PBXContainerItemProxy */ = {
			isa = PBXContainerItemProxy;
			containerPortal = 18DBAAB41C12818300552828 /* Project object */;
			proxyType = 1;
			remoteGlobalIDString = 18F21B8D1CC3F6B100B58B16;
			remoteInfo = CGKitShareExtension;
		};
/* End PBXContainerItemProxy section */

/* Begin PBXCopyFilesBuildPhase section */
		18F21B991CC3F6B100B58B16 /* Embed App Extensions */ = {
			isa = PBXCopyFilesBuildPhase;
			buildActionMask = 2147483647;
			dstPath = "";
			dstSubfolderSpec = 13;
			files = (
				18F21B9A1CC3F6B100B58B16 /* CGKitShareExtension.appex in Embed App Extensions */,
			);
			name = "Embed App Extensions";
			runOnlyForDeploymentPostprocessing = 0;
		};
/* End PBXCopyFilesBuildPhase section */

/* Begin PBXFileReference section */
		003842091CEC132C00CB6B9D /* CGFoulLineView.swift */ = {isa = PBXFileReference; fileEncoding = 4; lastKnownFileType = sourcecode.swift; path = CGFoulLineView.swift; sourceTree = "<group>"; };
		0038420A1CEC132C00CB6B9D /* CGSwiftKit-Bridging-Header.h */ = {isa = PBXFileReference; fileEncoding = 4; lastKnownFileType = sourcecode.c.h; path = "CGSwiftKit-Bridging-Header.h"; sourceTree = "<group>"; };
		0069BB011C85418C00C5A628 /* TestCATranform3DViewController.h */ = {isa = PBXFileReference; fileEncoding = 4; lastKnownFileType = sourcecode.c.h; path = TestCATranform3DViewController.h; sourceTree = "<group>"; };
		0069BB021C85418C00C5A628 /* TestCATranform3DViewController.m */ = {isa = PBXFileReference; fileEncoding = 4; lastKnownFileType = sourcecode.c.objc; path = TestCATranform3DViewController.m; sourceTree = "<group>"; };
		0069BB051C85431A00C5A628 /* 2.jpg */ = {isa = PBXFileReference; lastKnownFileType = image.jpeg; path = 2.jpg; sourceTree = "<group>"; };
		00BAB2EF1C72C37D00FC1F3A /* TestPhotosCollectionViewCell.h */ = {isa = PBXFileReference; fileEncoding = 4; lastKnownFileType = sourcecode.c.h; path = TestPhotosCollectionViewCell.h; sourceTree = "<group>"; };
		00BAB2F01C72C37D00FC1F3A /* TestPhotosCollectionViewCell.m */ = {isa = PBXFileReference; fileEncoding = 4; lastKnownFileType = sourcecode.c.objc; path = TestPhotosCollectionViewCell.m; sourceTree = "<group>"; };
		00C315CC1CACC17E009BFD7A /* CGHomeDataModel.h */ = {isa = PBXFileReference; fileEncoding = 4; lastKnownFileType = sourcecode.c.h; path = CGHomeDataModel.h; sourceTree = "<group>"; };
		00C315CD1CACC17E009BFD7A /* CGHomeDataModel.m */ = {isa = PBXFileReference; fileEncoding = 4; lastKnownFileType = sourcecode.c.objc; path = CGHomeDataModel.m; sourceTree = "<group>"; };
		00D307AB1CC76E350040EFC8 /* CGTestWKWebViewController.h */ = {isa = PBXFileReference; fileEncoding = 4; lastKnownFileType = sourcecode.c.h; path = CGTestWKWebViewController.h; sourceTree = "<group>"; };
		00D307AC1CC76E350040EFC8 /* CGTestWKWebViewController.m */ = {isa = PBXFileReference; fileEncoding = 4; lastKnownFileType = sourcecode.c.objc; path = CGTestWKWebViewController.m; sourceTree = "<group>"; };
		183CCCA21CC5894400235486 /* CGTestPhotosViewController.h */ = {isa = PBXFileReference; fileEncoding = 4; lastKnownFileType = sourcecode.c.h; path = CGTestPhotosViewController.h; sourceTree = "<group>"; };
		183CCCA31CC5894400235486 /* CGTestPhotosViewController.m */ = {isa = PBXFileReference; fileEncoding = 4; lastKnownFileType = sourcecode.c.objc; path = CGTestPhotosViewController.m; sourceTree = "<group>"; };
		185086E61CC303E4001CBC6B /* Photos.framework */ = {isa = PBXFileReference; lastKnownFileType = wrapper.framework; name = Photos.framework; path = System/Library/Frameworks/Photos.framework; sourceTree = SDKROOT; };
		187579951C12E8AB0065C29D /* Reveal.framework */ = {isa = PBXFileReference; lastKnownFileType = wrapper.framework; name = Reveal.framework; path = TestCG_CGKit/Reveal.framework; sourceTree = "<group>"; };
		1885F3901CB13A7C002A6D68 /* CGTestLayoutConstranintsViewController.h */ = {isa = PBXFileReference; fileEncoding = 4; lastKnownFileType = sourcecode.c.h; path = CGTestLayoutConstranintsViewController.h; sourceTree = "<group>"; };
		1885F3911CB13A7C002A6D68 /* CGTestLayoutConstranintsViewController.m */ = {isa = PBXFileReference; fileEncoding = 4; lastKnownFileType = sourcecode.c.objc; path = CGTestLayoutConstranintsViewController.m; sourceTree = "<group>"; };
		1894AE851CAFD4F3005A518C /* CGTestDefinesTableViewController.h */ = {isa = PBXFileReference; fileEncoding = 4; lastKnownFileType = sourcecode.c.h; path = CGTestDefinesTableViewController.h; sourceTree = "<group>"; };
		1894AE861CAFD4F3005A518C /* CGTestDefinesTableViewController.m */ = {isa = PBXFileReference; fileEncoding = 4; lastKnownFileType = sourcecode.c.objc; path = CGTestDefinesTableViewController.m; sourceTree = "<group>"; };
		1894AE891CAFD83F005A518C /* CGTestDefinesData.h */ = {isa = PBXFileReference; fileEncoding = 4; lastKnownFileType = sourcecode.c.h; path = CGTestDefinesData.h; sourceTree = "<group>"; };
		1894AE8A1CAFD83F005A518C /* CGTestDefinesData.m */ = {isa = PBXFileReference; fileEncoding = 4; lastKnownFileType = sourcecode.c.objc; path = CGTestDefinesData.m; sourceTree = "<group>"; };
		18B41A9C1C13FE450031002B /* TestTextFieldCell.h */ = {isa = PBXFileReference; fileEncoding = 4; lastKnownFileType = sourcecode.c.h; path = TestTextFieldCell.h; sourceTree = "<group>"; };
		18B41A9D1C13FE450031002B /* TestTextFieldCell.m */ = {isa = PBXFileReference; fileEncoding = 4; lastKnownFileType = sourcecode.c.objc; path = TestTextFieldCell.m; sourceTree = "<group>"; };
		18DBAABC1C12818300552828 /* TestCG_CGKit.app */ = {isa = PBXFileReference; explicitFileType = wrapper.application; includeInIndex = 0; path = TestCG_CGKit.app; sourceTree = BUILT_PRODUCTS_DIR; };
		18DBAAC91C12818300552828 /* Base */ = {isa = PBXFileReference; lastKnownFileType = file.storyboard; name = Base; path = Base.lproj/Main.storyboard; sourceTree = "<group>"; };
		18DBAACB1C12818300552828 /* Assets.xcassets */ = {isa = PBXFileReference; lastKnownFileType = folder.assetcatalog; path = Assets.xcassets; sourceTree = "<group>"; };
		18DBAACE1C12818300552828 /* Base */ = {isa = PBXFileReference; lastKnownFileType = file.storyboard; name = Base; path = Base.lproj/LaunchScreen.storyboard; sourceTree = "<group>"; };
		18DBAAD51C12818300552828 /* TestCG_CGKitTests.xctest */ = {isa = PBXFileReference; explicitFileType = wrapper.cfbundle; includeInIndex = 0; path = TestCG_CGKitTests.xctest; sourceTree = BUILT_PRODUCTS_DIR; };
		18DBAAD91C12818300552828 /* TestCG_CGKitTests.m */ = {isa = PBXFileReference; lastKnownFileType = sourcecode.c.objc; path = TestCG_CGKitTests.m; sourceTree = "<group>"; };
		18DBAADB1C12818300552828 /* Info.plist */ = {isa = PBXFileReference; lastKnownFileType = text.plist.xml; path = Info.plist; sourceTree = "<group>"; };
		18DBAAE01C12818400552828 /* TestCG_CGKitUITests.xctest */ = {isa = PBXFileReference; explicitFileType = wrapper.cfbundle; includeInIndex = 0; path = TestCG_CGKitUITests.xctest; sourceTree = BUILT_PRODUCTS_DIR; };
		18DBAAE41C12818400552828 /* TestCG_CGKitUITests.m */ = {isa = PBXFileReference; lastKnownFileType = sourcecode.c.objc; path = TestCG_CGKitUITests.m; sourceTree = "<group>"; };
		18DBAAE61C12818400552828 /* Info.plist */ = {isa = PBXFileReference; lastKnownFileType = text.plist.xml; path = Info.plist; sourceTree = "<group>"; };
		18DBAAF51C12877E00552828 /* AppDelegate.h */ = {isa = PBXFileReference; fileEncoding = 4; lastKnownFileType = sourcecode.c.h; path = AppDelegate.h; sourceTree = "<group>"; };
		18DBAAF61C12877E00552828 /* AppDelegate.m */ = {isa = PBXFileReference; fileEncoding = 4; lastKnownFileType = sourcecode.c.objc; path = AppDelegate.m; sourceTree = "<group>"; };
		18DBAAF71C12877E00552828 /* Info.plist */ = {isa = PBXFileReference; fileEncoding = 4; lastKnownFileType = text.plist.xml; path = Info.plist; sourceTree = "<group>"; };
		18DBAAF81C12877E00552828 /* main.m */ = {isa = PBXFileReference; fileEncoding = 4; lastKnownFileType = sourcecode.c.objc; path = main.m; sourceTree = "<group>"; };
		18DBAE001C12968900552828 /* HomeViewController.h */ = {isa = PBXFileReference; fileEncoding = 4; lastKnownFileType = sourcecode.c.h; path = HomeViewController.h; sourceTree = "<group>"; };
		18DBAE011C12968900552828 /* HomeViewController.m */ = {isa = PBXFileReference; fileEncoding = 4; lastKnownFileType = sourcecode.c.objc; path = HomeViewController.m; sourceTree = "<group>"; };
		18E6E2AA1C15B87500906A5A /* AFNetworkActivityLogger.h */ = {isa = PBXFileReference; fileEncoding = 4; lastKnownFileType = sourcecode.c.h; name = AFNetworkActivityLogger.h; path = AFNetworkActivityLogger/AFNetworkActivityLogger.h; sourceTree = "<group>"; };
		18E6E2AB1C15B87500906A5A /* AFNetworkActivityLogger.m */ = {isa = PBXFileReference; fileEncoding = 4; lastKnownFileType = sourcecode.c.objc; name = AFNetworkActivityLogger.m; path = AFNetworkActivityLogger/AFNetworkActivityLogger.m; sourceTree = "<group>"; };
		18F093ED1CDBFFFE001FBE3E /* CGTestFoulLineViewController.swift */ = {isa = PBXFileReference; fileEncoding = 4; lastKnownFileType = sourcecode.swift; path = CGTestFoulLineViewController.swift; sourceTree = "<group>"; };
		18F21B8E1CC3F6B100B58B16 /* CGKitShareExtension.appex */ = {isa = PBXFileReference; explicitFileType = "wrapper.app-extension"; includeInIndex = 0; path = CGKitShareExtension.appex; sourceTree = BUILT_PRODUCTS_DIR; };
		18F21B901CC3F6B100B58B16 /* ShareViewController.h */ = {isa = PBXFileReference; lastKnownFileType = sourcecode.c.h; path = ShareViewController.h; sourceTree = "<group>"; };
		18F21B911CC3F6B100B58B16 /* ShareViewController.m */ = {isa = PBXFileReference; lastKnownFileType = sourcecode.c.objc; path = ShareViewController.m; sourceTree = "<group>"; };
		18F21B941CC3F6B100B58B16 /* Base */ = {isa = PBXFileReference; lastKnownFileType = file.storyboard; name = Base; path = Base.lproj/MainInterface.storyboard; sourceTree = "<group>"; };
		18F21B961CC3F6B100B58B16 /* Info.plist */ = {isa = PBXFileReference; lastKnownFileType = text.plist.xml; path = Info.plist; sourceTree = "<group>"; };
		222F9D25D26223B807E03656 /* libPods.a */ = {isa = PBXFileReference; explicitFileType = archive.ar; includeInIndex = 0; path = libPods.a; sourceTree = BUILT_PRODUCTS_DIR; };
		2579600A7457913BDB2035A0 /* Pods.release.xcconfig */ = {isa = PBXFileReference; includeInIndex = 1; lastKnownFileType = text.xcconfig; name = Pods.release.xcconfig; path = "Pods/Target Support Files/Pods/Pods.release.xcconfig"; sourceTree = "<group>"; };
		CB955F562162540E6C680F5B /* Pods.debug.xcconfig */ = {isa = PBXFileReference; includeInIndex = 1; lastKnownFileType = text.xcconfig; name = Pods.debug.xcconfig; path = "Pods/Target Support Files/Pods/Pods.debug.xcconfig"; sourceTree = "<group>"; };
/* End PBXFileReference section */

/* Begin PBXFrameworksBuildPhase section */
		18DBAAB91C12818300552828 /* Frameworks */ = {
			isa = PBXFrameworksBuildPhase;
			buildActionMask = 2147483647;
			files = (
				185086E71CC303E4001CBC6B /* Photos.framework in Frameworks */,
				302C9A770D2BEB9460B47FBE /* libPods.a in Frameworks */,
				187579961C12E8AB0065C29D /* Reveal.framework in Frameworks */,
			);
			runOnlyForDeploymentPostprocessing = 0;
		};
		18DBAAD21C12818300552828 /* Frameworks */ = {
			isa = PBXFrameworksBuildPhase;
			buildActionMask = 2147483647;
			files = (
			);
			runOnlyForDeploymentPostprocessing = 0;
		};
		18DBAADD1C12818400552828 /* Frameworks */ = {
			isa = PBXFrameworksBuildPhase;
			buildActionMask = 2147483647;
			files = (
			);
			runOnlyForDeploymentPostprocessing = 0;
		};
		18F21B8B1CC3F6B100B58B16 /* Frameworks */ = {
			isa = PBXFrameworksBuildPhase;
			buildActionMask = 2147483647;
			files = (
			);
			runOnlyForDeploymentPostprocessing = 0;
		};
/* End PBXFrameworksBuildPhase section */

/* Begin PBXGroup section */
		003842051CEC132C00CB6B9D /* CGSwiftKit */ = {
			isa = PBXGroup;
			children = (
				003842071CEC132C00CB6B9D /* View */,
			);
			path = CGSwiftKit;
			sourceTree = "<group>";
		};
		003842071CEC132C00CB6B9D /* View */ = {
			isa = PBXGroup;
			children = (
				003842081CEC132C00CB6B9D /* UIView */,
			);
			path = View;
			sourceTree = "<group>";
		};
		003842081CEC132C00CB6B9D /* UIView */ = {
			isa = PBXGroup;
			children = (
				003842091CEC132C00CB6B9D /* CGFoulLineView.swift */,
				0038420A1CEC132C00CB6B9D /* CGSwiftKit-Bridging-Header.h */,
			);
			path = UIView;
			sourceTree = "<group>";
		};
		005633A81CAD1FDC00520F94 /* TestSelectPhoto */ = {
			isa = PBXGroup;
			children = (
			);
			path = TestSelectPhoto;
			sourceTree = "<group>";
		};
		0069BB041C85431000C5A628 /* ImageResource */ = {
			isa = PBXGroup;
			children = (
				0069BB051C85431A00C5A628 /* 2.jpg */,
			);
			path = ImageResource;
			sourceTree = "<group>";
		};
		00C315CA1CACC0FD009BFD7A /* DataModel */ = {
			isa = PBXGroup;
			children = (
				1894AE881CAFD814005A518C /* TestDefinesData */,
				00C315CB1CACC115009BFD7A /* HomeData */,
			);
			path = DataModel;
			sourceTree = "<group>";
		};
		00C315CB1CACC115009BFD7A /* HomeData */ = {
			isa = PBXGroup;
			children = (
				00C315CC1CACC17E009BFD7A /* CGHomeDataModel.h */,
				00C315CD1CACC17E009BFD7A /* CGHomeDataModel.m */,
			);
			path = HomeData;
			sourceTree = "<group>";
		};
		00D307AA1CC76E170040EFC8 /* Test WKWebView */ = {
			isa = PBXGroup;
			children = (
				00D307AB1CC76E350040EFC8 /* CGTestWKWebViewController.h */,
				00D307AC1CC76E350040EFC8 /* CGTestWKWebViewController.m */,
			);
			path = "Test WKWebView";
			sourceTree = "<group>";
		};
		183CCCA11CC5892B00235486 /* TestPhotos */ = {
			isa = PBXGroup;
			children = (
				183CCCA21CC5894400235486 /* CGTestPhotosViewController.h */,
				183CCCA31CC5894400235486 /* CGTestPhotosViewController.m */,
			);
			path = TestPhotos;
			sourceTree = "<group>";
		};
		1845475E1C12A4B50030DD0A /* View */ = {
			isa = PBXGroup;
			children = (
				1845475F1C12A4B50030DD0A /* TestCell */,
			);
			path = View;
			sourceTree = "<group>";
		};
		1845475F1C12A4B50030DD0A /* TestCell */ = {
			isa = PBXGroup;
			children = (
				18B41A9C1C13FE450031002B /* TestTextFieldCell.h */,
				18B41A9D1C13FE450031002B /* TestTextFieldCell.m */,
				00BAB2EF1C72C37D00FC1F3A /* TestPhotosCollectionViewCell.h */,
				00BAB2F01C72C37D00FC1F3A /* TestPhotosCollectionViewCell.m */,
			);
			path = TestCell;
			sourceTree = "<group>";
		};
		1885F38F1CB13A4F002A6D68 /* Test Layout Constranints */ = {
			isa = PBXGroup;
			children = (
				1885F3901CB13A7C002A6D68 /* CGTestLayoutConstranintsViewController.h */,
				1885F3911CB13A7C002A6D68 /* CGTestLayoutConstranintsViewController.m */,
			);
			path = "Test Layout Constranints";
			sourceTree = "<group>";
		};
		1894AE841CAFD4BA005A518C /* Defines */ = {
			isa = PBXGroup;
			children = (
				1894AE851CAFD4F3005A518C /* CGTestDefinesTableViewController.h */,
				1894AE861CAFD4F3005A518C /* CGTestDefinesTableViewController.m */,
			);
			path = Defines;
			sourceTree = "<group>";
		};
		1894AE881CAFD814005A518C /* TestDefinesData */ = {
			isa = PBXGroup;
			children = (
				1894AE891CAFD83F005A518C /* CGTestDefinesData.h */,
				1894AE8A1CAFD83F005A518C /* CGTestDefinesData.m */,
			);
			path = TestDefinesData;
			sourceTree = "<group>";
		};
		18A1D7F31C129C6600B93665 /* TestDetailVC */ = {
			isa = PBXGroup;
			children = (
				00D307AA1CC76E170040EFC8 /* Test WKWebView */,
				183CCCA11CC5892B00235486 /* TestPhotos */,
				1885F38F1CB13A4F002A6D68 /* Test Layout Constranints */,
				1894AE841CAFD4BA005A518C /* Defines */,
				005633A81CAD1FDC00520F94 /* TestSelectPhoto */,
				18A1D7F81C12A09700B93665 /* TableView */,
				0069BB011C85418C00C5A628 /* TestCATranform3DViewController.h */,
				0069BB021C85418C00C5A628 /* TestCATranform3DViewController.m */,
			);
			path = TestDetailVC;
			sourceTree = "<group>";
		};
		18A1D7F81C12A09700B93665 /* TableView */ = {
			isa = PBXGroup;
			children = (
			);
			path = TableView;
			sourceTree = "<group>";
		};
		18DBAAB31C12818300552828 = {
			isa = PBXGroup;
			children = (
				18DBAABE1C12818300552828 /* TestCG_CGKit */,
				18DBAAD81C12818300552828 /* TestCG_CGKitTests */,
				18DBAAE31C12818400552828 /* TestCG_CGKitUITests */,
				18F21B8F1CC3F6B100B58B16 /* CGKitShareExtension */,
				18DBAABD1C12818300552828 /* Products */,
				9E0BE1FB9A8DD6F176B693F1 /* Pods */,
				B86B07EE8190F2F261E3DDEB /* Frameworks */,
			);
			sourceTree = "<group>";
		};
		18DBAABD1C12818300552828 /* Products */ = {
			isa = PBXGroup;
			children = (
				18DBAABC1C12818300552828 /* TestCG_CGKit.app */,
				18DBAAD51C12818300552828 /* TestCG_CGKitTests.xctest */,
				18DBAAE01C12818400552828 /* TestCG_CGKitUITests.xctest */,
				18F21B8E1CC3F6B100B58B16 /* CGKitShareExtension.appex */,
			);
			name = Products;
			sourceTree = "<group>";
		};
		18DBAABE1C12818300552828 /* TestCG_CGKit */ = {
			isa = PBXGroup;
			children = (
				003842051CEC132C00CB6B9D /* CGSwiftKit */,
				18DBAAF31C12872500552828 /* Mudule */,
				18FAA06B1CD0294400C73C55 /* SwiftMudule */,
				18DBAAC81C12818300552828 /* Main.storyboard */,
				18DBAACB1C12818300552828 /* Assets.xcassets */,
				18DBAACD1C12818300552828 /* LaunchScreen.storyboard */,
				18DBAAF41C12877E00552828 /* Supporting Files */,
			);
			path = TestCG_CGKit;
			sourceTree = "<group>";
		};
		18DBAAD81C12818300552828 /* TestCG_CGKitTests */ = {
			isa = PBXGroup;
			children = (
				18DBAAD91C12818300552828 /* TestCG_CGKitTests.m */,
				18DBAADB1C12818300552828 /* Info.plist */,
			);
			path = TestCG_CGKitTests;
			sourceTree = "<group>";
		};
		18DBAAE31C12818400552828 /* TestCG_CGKitUITests */ = {
			isa = PBXGroup;
			children = (
				18DBAAE41C12818400552828 /* TestCG_CGKitUITests.m */,
				18DBAAE61C12818400552828 /* Info.plist */,
			);
			path = TestCG_CGKitUITests;
			sourceTree = "<group>";
		};
		18DBAAF31C12872500552828 /* Mudule */ = {
			isa = PBXGroup;
			children = (
				18F093EC1CDBFFC3001FBE3E /* TestDetailVC-Swift */,
				00C315CA1CACC0FD009BFD7A /* DataModel */,
				1845475E1C12A4B50030DD0A /* View */,
				18A1D7F31C129C6600B93665 /* TestDetailVC */,
				18DBADFF1C12967500552828 /* HomeView */,
				18DBACCF1C12945A00552828 /* Launch */,
				18DBACCE1C1293A500552828 /* Navigation */,
				18DBACC81C128A0600552828 /* RequestNetwork */,
			);
			path = Mudule;
			sourceTree = "<group>";
		};
		18DBAAF41C12877E00552828 /* Supporting Files */ = {
			isa = PBXGroup;
			children = (
				0069BB041C85431000C5A628 /* ImageResource */,
				18DBAAF51C12877E00552828 /* AppDelegate.h */,
				18DBAAF61C12877E00552828 /* AppDelegate.m */,
				18DBAAF71C12877E00552828 /* Info.plist */,
				18DBAAF81C12877E00552828 /* main.m */,
			);
			path = "Supporting Files";
			sourceTree = "<group>";
		};
		18DBACC81C128A0600552828 /* RequestNetwork */ = {
			isa = PBXGroup;
			children = (
				18DBACC91C128A0600552828 /* AFNetworkActivityLogger */,
			);
			path = RequestNetwork;
			sourceTree = "<group>";
		};
		18DBACC91C128A0600552828 /* AFNetworkActivityLogger */ = {
			isa = PBXGroup;
			children = (
				18E6E2AA1C15B87500906A5A /* AFNetworkActivityLogger.h */,
				18E6E2AB1C15B87500906A5A /* AFNetworkActivityLogger.m */,
			);
			path = AFNetworkActivityLogger;
			sourceTree = "<group>";
		};
		18DBACCE1C1293A500552828 /* Navigation */ = {
			isa = PBXGroup;
			children = (
			);
			path = Navigation;
			sourceTree = "<group>";
		};
		18DBACCF1C12945A00552828 /* Launch */ = {
			isa = PBXGroup;
			children = (
			);
			path = Launch;
			sourceTree = "<group>";
		};
		18DBADFF1C12967500552828 /* HomeView */ = {
			isa = PBXGroup;
			children = (
				18DBAE001C12968900552828 /* HomeViewController.h */,
				18DBAE011C12968900552828 /* HomeViewController.m */,
			);
			path = HomeView;
			sourceTree = "<group>";
		};
		18F093EC1CDBFFC3001FBE3E /* TestDetailVC-Swift */ = {
			isa = PBXGroup;
			children = (
				18F093ED1CDBFFFE001FBE3E /* CGTestFoulLineViewController.swift */,
			);
			path = "TestDetailVC-Swift";
			sourceTree = "<group>";
		};
		18F21B8F1CC3F6B100B58B16 /* CGKitShareExtension */ = {
			isa = PBXGroup;
			children = (
				18F21B901CC3F6B100B58B16 /* ShareViewController.h */,
				18F21B911CC3F6B100B58B16 /* ShareViewController.m */,
				18F21B931CC3F6B100B58B16 /* MainInterface.storyboard */,
				18F21B961CC3F6B100B58B16 /* Info.plist */,
			);
			path = CGKitShareExtension;
			sourceTree = "<group>";
		};
		18FAA06B1CD0294400C73C55 /* SwiftMudule */ = {
			isa = PBXGroup;
			children = (
			);
			path = SwiftMudule;
			sourceTree = "<group>";
		};
		9E0BE1FB9A8DD6F176B693F1 /* Pods */ = {
			isa = PBXGroup;
			children = (
				CB955F562162540E6C680F5B /* Pods.debug.xcconfig */,
				2579600A7457913BDB2035A0 /* Pods.release.xcconfig */,
			);
			name = Pods;
			sourceTree = "<group>";
		};
		B86B07EE8190F2F261E3DDEB /* Frameworks */ = {
			isa = PBXGroup;
			children = (
				185086E61CC303E4001CBC6B /* Photos.framework */,
				187579951C12E8AB0065C29D /* Reveal.framework */,
				222F9D25D26223B807E03656 /* libPods.a */,
			);
			name = Frameworks;
			sourceTree = "<group>";
		};
/* End PBXGroup section */

/* Begin PBXNativeTarget section */
		18DBAABB1C12818300552828 /* TestCG_CGKit */ = {
			isa = PBXNativeTarget;
			buildConfigurationList = 18DBAAE91C12818400552828 /* Build configuration list for PBXNativeTarget "TestCG_CGKit" */;
			buildPhases = (
				D5834C265821FE73D4304279 /* Check Pods Manifest.lock */,
				18DBAAB81C12818300552828 /* Sources */,
				18DBAAB91C12818300552828 /* Frameworks */,
				18DBAABA1C12818300552828 /* Resources */,
				5E3640145FCA6FE6E2BC7630 /* Copy Pods Resources */,
				185A740B1C144B98005936A5 /* ShellScript */,
				18F21B991CC3F6B100B58B16 /* Embed App Extensions */,
			);
			buildRules = (
			);
			dependencies = (
				18F21B981CC3F6B100B58B16 /* PBXTargetDependency */,
			);
			name = TestCG_CGKit;
			productName = TestCG_CGKit;
			productReference = 18DBAABC1C12818300552828 /* TestCG_CGKit.app */;
			productType = "com.apple.product-type.application";
		};
		18DBAAD41C12818300552828 /* TestCG_CGKitTests */ = {
			isa = PBXNativeTarget;
			buildConfigurationList = 18DBAAEC1C12818400552828 /* Build configuration list for PBXNativeTarget "TestCG_CGKitTests" */;
			buildPhases = (
				18DBAAD11C12818300552828 /* Sources */,
				18DBAAD21C12818300552828 /* Frameworks */,
				18DBAAD31C12818300552828 /* Resources */,
			);
			buildRules = (
			);
			dependencies = (
				18DBAAD71C12818300552828 /* PBXTargetDependency */,
			);
			name = TestCG_CGKitTests;
			productName = TestCG_CGKitTests;
			productReference = 18DBAAD51C12818300552828 /* TestCG_CGKitTests.xctest */;
			productType = "com.apple.product-type.bundle.unit-test";
		};
		18DBAADF1C12818400552828 /* TestCG_CGKitUITests */ = {
			isa = PBXNativeTarget;
			buildConfigurationList = 18DBAAEF1C12818400552828 /* Build configuration list for PBXNativeTarget "TestCG_CGKitUITests" */;
			buildPhases = (
				18DBAADC1C12818400552828 /* Sources */,
				18DBAADD1C12818400552828 /* Frameworks */,
				18DBAADE1C12818400552828 /* Resources */,
			);
			buildRules = (
			);
			dependencies = (
				18DBAAE21C12818400552828 /* PBXTargetDependency */,
			);
			name = TestCG_CGKitUITests;
			productName = TestCG_CGKitUITests;
			productReference = 18DBAAE01C12818400552828 /* TestCG_CGKitUITests.xctest */;
			productType = "com.apple.product-type.bundle.ui-testing";
		};
		18F21B8D1CC3F6B100B58B16 /* CGKitShareExtension */ = {
			isa = PBXNativeTarget;
			buildConfigurationList = 18F21B9D1CC3F6B100B58B16 /* Build configuration list for PBXNativeTarget "CGKitShareExtension" */;
			buildPhases = (
				18F21B8A1CC3F6B100B58B16 /* Sources */,
				18F21B8B1CC3F6B100B58B16 /* Frameworks */,
				18F21B8C1CC3F6B100B58B16 /* Resources */,
			);
			buildRules = (
			);
			dependencies = (
			);
			name = CGKitShareExtension;
			productName = CGKitShareExtension;
			productReference = 18F21B8E1CC3F6B100B58B16 /* CGKitShareExtension.appex */;
			productType = "com.apple.product-type.app-extension";
		};
/* End PBXNativeTarget section */

/* Begin PBXProject section */
		18DBAAB41C12818300552828 /* Project object */ = {
			isa = PBXProject;
			attributes = {
				LastUpgradeCheck = 0720;
				ORGANIZATIONNAME = apple;
				TargetAttributes = {
					18DBAABB1C12818300552828 = {
						CreatedOnToolsVersion = 7.1.1;
					};
					18DBAAD41C12818300552828 = {
						CreatedOnToolsVersion = 7.1.1;
						TestTargetID = 18DBAABB1C12818300552828;
					};
					18DBAADF1C12818400552828 = {
						CreatedOnToolsVersion = 7.1.1;
						TestTargetID = 18DBAABB1C12818300552828;
					};
					18F21B8D1CC3F6B100B58B16 = {
						CreatedOnToolsVersion = 7.2.1;
					};
				};
			};
			buildConfigurationList = 18DBAAB71C12818300552828 /* Build configuration list for PBXProject "TestCG_CGKit" */;
			compatibilityVersion = "Xcode 3.2";
			developmentRegion = English;
			hasScannedForEncodings = 0;
			knownRegions = (
				en,
				Base,
			);
			mainGroup = 18DBAAB31C12818300552828;
			productRefGroup = 18DBAABD1C12818300552828 /* Products */;
			projectDirPath = "";
			projectRoot = "";
			targets = (
				18DBAABB1C12818300552828 /* TestCG_CGKit */,
				18DBAAD41C12818300552828 /* TestCG_CGKitTests */,
				18DBAADF1C12818400552828 /* TestCG_CGKitUITests */,
				18F21B8D1CC3F6B100B58B16 /* CGKitShareExtension */,
			);
		};
/* End PBXProject section */

/* Begin PBXResourcesBuildPhase section */
		18DBAABA1C12818300552828 /* Resources */ = {
			isa = PBXResourcesBuildPhase;
			buildActionMask = 2147483647;
			files = (
				18DBAACF1C12818300552828 /* LaunchScreen.storyboard in Resources */,
				0069BB061C85431A00C5A628 /* 2.jpg in Resources */,
				18DBAACA1C12818300552828 /* Main.storyboard in Resources */,
			);
			runOnlyForDeploymentPostprocessing = 0;
		};
		18DBAAD31C12818300552828 /* Resources */ = {
			isa = PBXResourcesBuildPhase;
			buildActionMask = 2147483647;
			files = (
			);
			runOnlyForDeploymentPostprocessing = 0;
		};
		18DBAADE1C12818400552828 /* Resources */ = {
			isa = PBXResourcesBuildPhase;
			buildActionMask = 2147483647;
			files = (
			);
			runOnlyForDeploymentPostprocessing = 0;
		};
		18F21B8C1CC3F6B100B58B16 /* Resources */ = {
			isa = PBXResourcesBuildPhase;
			buildActionMask = 2147483647;
			files = (
				18F21B951CC3F6B100B58B16 /* MainInterface.storyboard in Resources */,
			);
			runOnlyForDeploymentPostprocessing = 0;
		};
/* End PBXResourcesBuildPhase section */

/* Begin PBXShellScriptBuildPhase section */
		185A740B1C144B98005936A5 /* ShellScript */ = {
			isa = PBXShellScriptBuildPhase;
			buildActionMask = 2147483647;
			files = (
			);
			inputPaths = (
			);
			outputPaths = (
			);
			runOnlyForDeploymentPostprocessing = 0;
			shellPath = /bin/sh;
			shellScript = "\n##自动添加 build 次数\nbuildNumber=$(/usr/libexec/PlistBuddy -c \"Print CFBundleVersion\" \"$INFOPLIST_FILE\")\nbuildNumber=$(($buildNumber + 1))\n/usr/libexec/PlistBuddy -c \"Set :CFBundleVersion $buildNumber\" \"$INFOPLIST_FILE\"\n\n#########";
		};
		5E3640145FCA6FE6E2BC7630 /* Copy Pods Resources */ = {
			isa = PBXShellScriptBuildPhase;
			buildActionMask = 2147483647;
			files = (
			);
			inputPaths = (
			);
			name = "Copy Pods Resources";
			outputPaths = (
			);
			runOnlyForDeploymentPostprocessing = 0;
			shellPath = /bin/sh;
			shellScript = "\"${SRCROOT}/Pods/Target Support Files/Pods/Pods-resources.sh\"\n";
			showEnvVarsInLog = 0;
		};
		D5834C265821FE73D4304279 /* Check Pods Manifest.lock */ = {
			isa = PBXShellScriptBuildPhase;
			buildActionMask = 2147483647;
			files = (
			);
			inputPaths = (
			);
			name = "Check Pods Manifest.lock";
			outputPaths = (
			);
			runOnlyForDeploymentPostprocessing = 0;
			shellPath = /bin/sh;
			shellScript = "diff \"${PODS_ROOT}/../Podfile.lock\" \"${PODS_ROOT}/Manifest.lock\" > /dev/null\nif [[ $? != 0 ]] ; then\n    cat << EOM\nerror: The sandbox is not in sync with the Podfile.lock. Run 'pod install' or update your CocoaPods installation.\nEOM\n    exit 1\nfi\n";
			showEnvVarsInLog = 0;
		};
/* End PBXShellScriptBuildPhase section */

/* Begin PBXSourcesBuildPhase section */
		18DBAAB81C12818300552828 /* Sources */ = {
			isa = PBXSourcesBuildPhase;
			buildActionMask = 2147483647;
			files = (
				0069BB031C85418C00C5A628 /* TestCATranform3DViewController.m in Sources */,
				18B41A9E1C13FE450031002B /* TestTextFieldCell.m in Sources */,
				18DBAAFB1C12877E00552828 /* main.m in Sources */,
				00C315CE1CACC17E009BFD7A /* CGHomeDataModel.m in Sources */,
				18F093EE1CDBFFFE001FBE3E /* CGTestFoulLineViewController.swift in Sources */,
				18E6E2AC1C15B87500906A5A /* AFNetworkActivityLogger.m in Sources */,
				183CCCA41CC5894400235486 /* CGTestPhotosViewController.m in Sources */,
				1885F3921CB13A7C002A6D68 /* CGTestLayoutConstranintsViewController.m in Sources */,
				1894AE8B1CAFD83F005A518C /* CGTestDefinesData.m in Sources */,
				0038420C1CEC132C00CB6B9D /* CGFoulLineView.swift in Sources */,
				18DBAE021C12968900552828 /* HomeViewController.m in Sources */,
				18DBAAF91C12877E00552828 /* AppDelegate.m in Sources */,
				00D307AD1CC76E350040EFC8 /* CGTestWKWebViewController.m in Sources */,
				00BAB2F11C72C37D00FC1F3A /* TestPhotosCollectionViewCell.m in Sources */,
				1894AE871CAFD4F3005A518C /* CGTestDefinesTableViewController.m in Sources */,
			);
			runOnlyForDeploymentPostprocessing = 0;
		};
		18DBAAD11C12818300552828 /* Sources */ = {
			isa = PBXSourcesBuildPhase;
			buildActionMask = 2147483647;
			files = (
				18DBAADA1C12818300552828 /* TestCG_CGKitTests.m in Sources */,
			);
			runOnlyForDeploymentPostprocessing = 0;
		};
		18DBAADC1C12818400552828 /* Sources */ = {
			isa = PBXSourcesBuildPhase;
			buildActionMask = 2147483647;
			files = (
				18DBAAE51C12818400552828 /* TestCG_CGKitUITests.m in Sources */,
			);
			runOnlyForDeploymentPostprocessing = 0;
		};
		18F21B8A1CC3F6B100B58B16 /* Sources */ = {
			isa = PBXSourcesBuildPhase;
			buildActionMask = 2147483647;
			files = (
				18F21B921CC3F6B100B58B16 /* ShareViewController.m in Sources */,
			);
			runOnlyForDeploymentPostprocessing = 0;
		};
/* End PBXSourcesBuildPhase section */

/* Begin PBXTargetDependency section */
		18DBAAD71C12818300552828 /* PBXTargetDependency */ = {
			isa = PBXTargetDependency;
			target = 18DBAABB1C12818300552828 /* TestCG_CGKit */;
			targetProxy = 18DBAAD61C12818300552828 /* PBXContainerItemProxy */;
		};
		18DBAAE21C12818400552828 /* PBXTargetDependency */ = {
			isa = PBXTargetDependency;
			target = 18DBAABB1C12818300552828 /* TestCG_CGKit */;
			targetProxy = 18DBAAE11C12818400552828 /* PBXContainerItemProxy */;
		};
		18F21B981CC3F6B100B58B16 /* PBXTargetDependency */ = {
			isa = PBXTargetDependency;
			target = 18F21B8D1CC3F6B100B58B16 /* CGKitShareExtension */;
			targetProxy = 18F21B971CC3F6B100B58B16 /* PBXContainerItemProxy */;
		};
/* End PBXTargetDependency section */

/* Begin PBXVariantGroup section */
		18DBAAC81C12818300552828 /* Main.storyboard */ = {
			isa = PBXVariantGroup;
			children = (
				18DBAAC91C12818300552828 /* Base */,
			);
			name = Main.storyboard;
			sourceTree = "<group>";
		};
		18DBAACD1C12818300552828 /* LaunchScreen.storyboard */ = {
			isa = PBXVariantGroup;
			children = (
				18DBAACE1C12818300552828 /* Base */,
			);
			name = LaunchScreen.storyboard;
			sourceTree = "<group>";
		};
		18F21B931CC3F6B100B58B16 /* MainInterface.storyboard */ = {
			isa = PBXVariantGroup;
			children = (
				18F21B941CC3F6B100B58B16 /* Base */,
			);
			name = MainInterface.storyboard;
			sourceTree = "<group>";
		};
/* End PBXVariantGroup section */

/* Begin XCBuildConfiguration section */
		18DBAAE71C12818400552828 /* Debug */ = {
			isa = XCBuildConfiguration;
			buildSettings = {
				ALWAYS_SEARCH_USER_PATHS = NO;
				CLANG_CXX_LANGUAGE_STANDARD = "gnu++0x";
				CLANG_CXX_LIBRARY = "libc++";
				CLANG_ENABLE_MODULES = YES;
				CLANG_ENABLE_OBJC_ARC = YES;
				CLANG_WARN_BOOL_CONVERSION = YES;
				CLANG_WARN_CONSTANT_CONVERSION = YES;
				CLANG_WARN_DIRECT_OBJC_ISA_USAGE = YES_ERROR;
				CLANG_WARN_EMPTY_BODY = YES;
				CLANG_WARN_ENUM_CONVERSION = YES;
				CLANG_WARN_INT_CONVERSION = YES;
				CLANG_WARN_OBJC_ROOT_CLASS = YES_ERROR;
				CLANG_WARN_UNREACHABLE_CODE = YES;
				CLANG_WARN__DUPLICATE_METHOD_MATCH = YES;
				"CODE_SIGN_IDENTITY[sdk=iphoneos*]" = "iPhone Developer";
				COPY_PHASE_STRIP = NO;
				DEBUG_INFORMATION_FORMAT = dwarf;
				ENABLE_STRICT_OBJC_MSGSEND = YES;
				ENABLE_TESTABILITY = YES;
				GCC_C_LANGUAGE_STANDARD = gnu99;
				GCC_DYNAMIC_NO_PIC = NO;
				GCC_NO_COMMON_BLOCKS = YES;
				GCC_OPTIMIZATION_LEVEL = 0;
				GCC_PREPROCESSOR_DEFINITIONS = (
					"DEBUG=1",
					"$(inherited)",
				);
				GCC_WARN_64_TO_32_BIT_CONVERSION = YES;
				GCC_WARN_ABOUT_RETURN_TYPE = YES_ERROR;
				GCC_WARN_UNDECLARED_SELECTOR = YES;
				GCC_WARN_UNINITIALIZED_AUTOS = YES_AGGRESSIVE;
				GCC_WARN_UNUSED_FUNCTION = YES;
				GCC_WARN_UNUSED_VARIABLE = YES;
				IPHONEOS_DEPLOYMENT_TARGET = 8.0;
				MTL_ENABLE_DEBUG_INFO = YES;
				ONLY_ACTIVE_ARCH = YES;
				SDKROOT = iphoneos;
			};
			name = Debug;
		};
		18DBAAE81C12818400552828 /* Release */ = {
			isa = XCBuildConfiguration;
			buildSettings = {
				ALWAYS_SEARCH_USER_PATHS = NO;
				CLANG_CXX_LANGUAGE_STANDARD = "gnu++0x";
				CLANG_CXX_LIBRARY = "libc++";
				CLANG_ENABLE_MODULES = YES;
				CLANG_ENABLE_OBJC_ARC = YES;
				CLANG_WARN_BOOL_CONVERSION = YES;
				CLANG_WARN_CONSTANT_CONVERSION = YES;
				CLANG_WARN_DIRECT_OBJC_ISA_USAGE = YES_ERROR;
				CLANG_WARN_EMPTY_BODY = YES;
				CLANG_WARN_ENUM_CONVERSION = YES;
				CLANG_WARN_INT_CONVERSION = YES;
				CLANG_WARN_OBJC_ROOT_CLASS = YES_ERROR;
				CLANG_WARN_UNREACHABLE_CODE = YES;
				CLANG_WARN__DUPLICATE_METHOD_MATCH = YES;
				"CODE_SIGN_IDENTITY[sdk=iphoneos*]" = "iPhone Developer";
				COPY_PHASE_STRIP = NO;
				DEBUG_INFORMATION_FORMAT = "dwarf-with-dsym";
				ENABLE_NS_ASSERTIONS = NO;
				ENABLE_STRICT_OBJC_MSGSEND = YES;
				GCC_C_LANGUAGE_STANDARD = gnu99;
				GCC_NO_COMMON_BLOCKS = YES;
				GCC_WARN_64_TO_32_BIT_CONVERSION = YES;
				GCC_WARN_ABOUT_RETURN_TYPE = YES_ERROR;
				GCC_WARN_UNDECLARED_SELECTOR = YES;
				GCC_WARN_UNINITIALIZED_AUTOS = YES_AGGRESSIVE;
				GCC_WARN_UNUSED_FUNCTION = YES;
				GCC_WARN_UNUSED_VARIABLE = YES;
				IPHONEOS_DEPLOYMENT_TARGET = 8.0;
				MTL_ENABLE_DEBUG_INFO = NO;
				SDKROOT = iphoneos;
				VALIDATE_PRODUCT = YES;
			};
			name = Release;
		};
		18DBAAEA1C12818400552828 /* Debug */ = {
			isa = XCBuildConfiguration;
			baseConfigurationReference = CB955F562162540E6C680F5B /* Pods.debug.xcconfig */;
			buildSettings = {
				ASSETCATALOG_COMPILER_APPICON_NAME = AppIcon;
				ASSETCATALOG_COMPILER_LAUNCHIMAGE_NAME = "Brand Assets";
				CLANG_ENABLE_MODULES = YES;
				ENABLE_BITCODE = NO;
				FRAMEWORK_SEARCH_PATHS = (
					"$(inherited)",
					"$(PROJECT_DIR)/TestCG_CGKit",
				);
				GCC_PREPROCESSOR_DEFINITIONS = (
					"$(inherited)",
					"COCOAPODS=1",
				);
				INFOPLIST_FILE = "$(SRCROOT)/TestCG_CGKit/Supporting Files/Info.plist";
				IPHONEOS_DEPLOYMENT_TARGET = 8.0;
				LD_RUNPATH_SEARCH_PATHS = "$(inherited) @executable_path/Frameworks";
				LIBRARY_SEARCH_PATHS = "";
				OTHER_LDFLAGS = (
					"$(inherited)",
					"-ObjC",
					"-lz",
					"-framework",
					Reveal,
				);
				PRODUCT_BUNDLE_IDENTIFIER = "CG.TestCG-CGKit";
				PRODUCT_NAME = "$(TARGET_NAME)";
				SWIFT_OBJC_BRIDGING_HEADER = "TestCG_CGKit/CGSwiftKit/View/UIView/CGSwiftKit-Bridging-Header.h";
				SWIFT_OPTIMIZATION_LEVEL = "-Onone";
				USER_HEADER_SEARCH_PATHS = "";
				VALID_ARCHS = "arm64 armv7 armv7s";
			};
			name = Debug;
		};
		18DBAAEB1C12818400552828 /* Release */ = {
			isa = XCBuildConfiguration;
			baseConfigurationReference = 2579600A7457913BDB2035A0 /* Pods.release.xcconfig */;
			buildSettings = {
				ASSETCATALOG_COMPILER_APPICON_NAME = AppIcon;
				ASSETCATALOG_COMPILER_LAUNCHIMAGE_NAME = "Brand Assets";
				CLANG_ENABLE_MODULES = YES;
				ENABLE_BITCODE = NO;
				FRAMEWORK_SEARCH_PATHS = (
					"$(inherited)",
					"$(PROJECT_DIR)/TestCG_CGKit",
				);
				INFOPLIST_FILE = "$(SRCROOT)/TestCG_CGKit/Supporting Files/Info.plist";
				IPHONEOS_DEPLOYMENT_TARGET = 8.0;
				LD_RUNPATH_SEARCH_PATHS = "$(inherited) @executable_path/Frameworks";
				LIBRARY_SEARCH_PATHS = "";
				OTHER_LDFLAGS = (
					"$(inherited)",
					"-ObjC",
					"-lz",
					"-framework",
					Reveal,
				);
				PRODUCT_BUNDLE_IDENTIFIER = "CG.TestCG-CGKit";
				PRODUCT_NAME = "$(TARGET_NAME)";
				SWIFT_OBJC_BRIDGING_HEADER = "TestCG_CGKit/CGSwiftKit/View/UIView/CGSwiftKit-Bridging-Header.h";
				USER_HEADER_SEARCH_PATHS = "";
				VALID_ARCHS = "arm64 armv7 armv7s";
			};
			name = Release;
		};
		18DBAAED1C12818400552828 /* Debug */ = {
			isa = XCBuildConfiguration;
			buildSettings = {
				BUNDLE_LOADER = "$(TEST_HOST)";
				INFOPLIST_FILE = TestCG_CGKitTests/Info.plist;
				LD_RUNPATH_SEARCH_PATHS = "$(inherited) @executable_path/Frameworks @loader_path/Frameworks";
				PRODUCT_BUNDLE_IDENTIFIER = "CG.TestCG-CGKitTests";
				PRODUCT_NAME = "$(TARGET_NAME)";
				TEST_HOST = "$(BUILT_PRODUCTS_DIR)/TestCG_CGKit.app/TestCG_CGKit";
			};
			name = Debug;
		};
		18DBAAEE1C12818400552828 /* Release */ = {
			isa = XCBuildConfiguration;
			buildSettings = {
				BUNDLE_LOADER = "$(TEST_HOST)";
				INFOPLIST_FILE = TestCG_CGKitTests/Info.plist;
				LD_RUNPATH_SEARCH_PATHS = "$(inherited) @executable_path/Frameworks @loader_path/Frameworks";
				PRODUCT_BUNDLE_IDENTIFIER = "CG.TestCG-CGKitTests";
				PRODUCT_NAME = "$(TARGET_NAME)";
				TEST_HOST = "$(BUILT_PRODUCTS_DIR)/TestCG_CGKit.app/TestCG_CGKit";
			};
			name = Release;
		};
		18DBAAF01C12818400552828 /* Debug */ = {
			isa = XCBuildConfiguration;
			buildSettings = {
				INFOPLIST_FILE = TestCG_CGKitUITests/Info.plist;
				LD_RUNPATH_SEARCH_PATHS = "$(inherited) @executable_path/Frameworks @loader_path/Frameworks";
				PRODUCT_BUNDLE_IDENTIFIER = "CG.TestCG-CGKitUITests";
				PRODUCT_NAME = "$(TARGET_NAME)";
				TEST_TARGET_NAME = TestCG_CGKit;
				USES_XCTRUNNER = YES;
			};
			name = Debug;
		};
		18DBAAF11C12818400552828 /* Release */ = {
			isa = XCBuildConfiguration;
			buildSettings = {
				INFOPLIST_FILE = TestCG_CGKitUITests/Info.plist;
				LD_RUNPATH_SEARCH_PATHS = "$(inherited) @executable_path/Frameworks @loader_path/Frameworks";
				PRODUCT_BUNDLE_IDENTIFIER = "CG.TestCG-CGKitUITests";
				PRODUCT_NAME = "$(TARGET_NAME)";
				TEST_TARGET_NAME = TestCG_CGKit;
				USES_XCTRUNNER = YES;
			};
			name = Release;
		};
		18F21B9B1CC3F6B100B58B16 /* Debug */ = {
			isa = XCBuildConfiguration;
			buildSettings = {
				INFOPLIST_FILE = CGKitShareExtension/Info.plist;
				IPHONEOS_DEPLOYMENT_TARGET = 8.0;
				LD_RUNPATH_SEARCH_PATHS = "$(inherited) @executable_path/Frameworks @executable_path/../../Frameworks";
				PRODUCT_BUNDLE_IDENTIFIER = "CG.TestCG-CGKit.CGKitShareExtension";
				PRODUCT_NAME = "$(TARGET_NAME)";
				SKIP_INSTALL = YES;
			};
			name = Debug;
		};
		18F21B9C1CC3F6B100B58B16 /* Release */ = {
			isa = XCBuildConfiguration;
			buildSettings = {
				INFOPLIST_FILE = CGKitShareExtension/Info.plist;
				IPHONEOS_DEPLOYMENT_TARGET = 8.0;
				LD_RUNPATH_SEARCH_PATHS = "$(inherited) @executable_path/Frameworks @executable_path/../../Frameworks";
				PRODUCT_BUNDLE_IDENTIFIER = "CG.TestCG-CGKit.CGKitShareExtension";
				PRODUCT_NAME = "$(TARGET_NAME)";
				SKIP_INSTALL = YES;
			};
			name = Release;
		};
/* End XCBuildConfiguration section */

/* Begin XCConfigurationList section */
		18DBAAB71C12818300552828 /* Build configuration list for PBXProject "TestCG_CGKit" */ = {
			isa = XCConfigurationList;
			buildConfigurations = (
				18DBAAE71C12818400552828 /* Debug */,
				18DBAAE81C12818400552828 /* Release */,
			);
			defaultConfigurationIsVisible = 0;
			defaultConfigurationName = Release;
		};
		18DBAAE91C12818400552828 /* Build configuration list for PBXNativeTarget "TestCG_CGKit" */ = {
			isa = XCConfigurationList;
			buildConfigurations = (
				18DBAAEA1C12818400552828 /* Debug */,
				18DBAAEB1C12818400552828 /* Release */,
			);
			defaultConfigurationIsVisible = 0;
			defaultConfigurationName = Release;
		};
		18DBAAEC1C12818400552828 /* Build configuration list for PBXNativeTarget "TestCG_CGKitTests" */ = {
			isa = XCConfigurationList;
			buildConfigurations = (
				18DBAAED1C12818400552828 /* Debug */,
				18DBAAEE1C12818400552828 /* Release */,
			);
			defaultConfigurationIsVisible = 0;
			defaultConfigurationName = Release;
		};
		18DBAAEF1C12818400552828 /* Build configuration list for PBXNativeTarget "TestCG_CGKitUITests" */ = {
			isa = XCConfigurationList;
			buildConfigurations = (
				18DBAAF01C12818400552828 /* Debug */,
				18DBAAF11C12818400552828 /* Release */,
			);
			defaultConfigurationIsVisible = 0;
			defaultConfigurationName = Release;
		};
		18F21B9D1CC3F6B100B58B16 /* Build configuration list for PBXNativeTarget "CGKitShareExtension" */ = {
			isa = XCConfigurationList;
			buildConfigurations = (
				18F21B9B1CC3F6B100B58B16 /* Debug */,
				18F21B9C1CC3F6B100B58B16 /* Release */,
			);
			defaultConfigurationIsVisible = 0;
			defaultConfigurationName = Release;
		};
/* End XCConfigurationList section */
	};
	rootObject = 18DBAAB41C12818300552828 /* Project object */;
}
